
Microsoft Visual Studio Solution File, Format Version 12.00
# Visual Studio Version 16
VisualStudioVersion = 16.0.30523.141
MinimumVisualStudioVersion = 10.0.40219.1
Project("{FAE04EC0-301F-11D3-BF4B-00C04F79EFBC}") = "LazyAPs", "LazyAPs\LazyAPs.csproj", "{F36D7617-F805-4960-9A5F-30768C95DC5D}"
EndProject
Global
	GlobalSection(SolutionConfigurationPlatforms) = preSolution
		Debug|Any CPU = Debug|Any CPU
		Release|Any CPU = Release|Any CPU
		Steam|Any CPU = Steam|Any CPU
	EndGlobalSection
	GlobalSection(ProjectConfigurationPlatforms) = postSolution
		{F36D7617-F805-4960-9A5F-30768C95DC5D}.Debug|Any CPU.ActiveCfg = Debug|Any CPU
		{F36D7617-F805-4960-9A5F-30768C95DC5D}.Debug|Any CPU.Build.0 = Debug|Any CPU
		{F36D7617-F805-4960-9A5F-30768C95DC5D}.Release|Any CPU.ActiveCfg = Release|Any CPU
		{F36D7617-F805-4960-9A5F-30768C95DC5D}.Release|Any CPU.Build.0 = Release|Any CPU
		{F36D7617-F805-4960-9A5F-30768C95DC5D}.Steam|Any CPU.ActiveCfg = Steam|Any CPU
		{F36D7617-F805-4960-9A5F-30768C95DC5D}.Steam|Any CPU.Build.0 = Steam|Any CPU
	EndGlobalSection
	GlobalSection(SolutionProperties) = preSolution
		HideSolutionNode = FALSE
	EndGlobalSection
	GlobalSection(ExtensibilityGlobals) = postSolution
		SolutionGuid = {D633691B-071E-443F-9D23-079DB50562D4}
	EndGlobalSection
EndGlobal
